
Microsoft Visual Studio Solution File, Format Version 12.00
# Visual Studio Version 17
VisualStudioVersion = 17.4.33213.308
MinimumVisualStudioVersion = 10.0.40219.1
Project("{FAE04EC0-301F-11D3-BF4B-00C04F79EFBC}") = "FireEventsAPI", "FireEventsAPI\FireEventsAPI.csproj", "{E3CEF43C-7C27-469B-9C28-CCB06299959A}"
EndProject
Project("{2150E333-8FDC-42A3-9474-1A3956D46DE8}") = "Infra", "Infra", "{49DDBC38-AC6A-478A-BCF5-97E4D3D16DD5}"
EndProject
Project("{2150E333-8FDC-42A3-9474-1A3956D46DE8}") = "Data", "Data", "{8BC6C333-5903-406C-B30D-8AD72500E0BC}"
EndProject
Project("{FAE04EC0-301F-11D3-BF4B-00C04F79EFBC}") = "FireEvents.Data", "FireEvents.Data\FireEvents.Data.csproj", "{8AECDD2B-15B2-4522-BDEC-77BE04B34BD6}"
EndProject
Project("{2150E333-8FDC-42A3-9474-1A3956D46DE8}") = "Domain", "Domain", "{C1D69A90-391A-4B2D-9AD6-43BC258E2CF9}"
EndProject
Project("{FAE04EC0-301F-11D3-BF4B-00C04F79EFBC}") = "FireEvents.Domain", "FireEvents.Domain\FireEvents.Domain.csproj", "{58A8AE8B-40BA-4417-B72C-D89BE7186EEE}"
EndProject
Global
	GlobalSection(SolutionConfigurationPlatforms) = preSolution
		Debug|Any CPU = Debug|Any CPU
		Release|Any CPU = Release|Any CPU
	EndGlobalSection
	GlobalSection(ProjectConfigurationPlatforms) = postSolution
		{E3CEF43C-7C27-469B-9C28-CCB06299959A}.Debug|Any CPU.ActiveCfg = Debug|Any CPU
		{E3CEF43C-7C27-469B-9C28-CCB06299959A}.Debug|Any CPU.Build.0 = Debug|Any CPU
		{E3CEF43C-7C27-469B-9C28-CCB06299959A}.Release|Any CPU.ActiveCfg = Release|Any CPU
		{E3CEF43C-7C27-469B-9C28-CCB06299959A}.Release|Any CPU.Build.0 = Release|Any CPU
		{8AECDD2B-15B2-4522-BDEC-77BE04B34BD6}.Debug|Any CPU.ActiveCfg = Debug|Any CPU
		{8AECDD2B-15B2-4522-BDEC-77BE04B34BD6}.Debug|Any CPU.Build.0 = Debug|Any CPU
		{8AECDD2B-15B2-4522-BDEC-77BE04B34BD6}.Release|Any CPU.ActiveCfg = Release|Any CPU
		{8AECDD2B-15B2-4522-BDEC-77BE04B34BD6}.Release|Any CPU.Build.0 = Release|Any CPU
		{58A8AE8B-40BA-4417-B72C-D89BE7186EEE}.Debug|Any CPU.ActiveCfg = Debug|Any CPU
		{58A8AE8B-40BA-4417-B72C-D89BE7186EEE}.Debug|Any CPU.Build.0 = Debug|Any CPU
		{58A8AE8B-40BA-4417-B72C-D89BE7186EEE}.Release|Any CPU.ActiveCfg = Release|Any CPU
		{58A8AE8B-40BA-4417-B72C-D89BE7186EEE}.Release|Any CPU.Build.0 = Release|Any CPU
	EndGlobalSection
	GlobalSection(SolutionProperties) = preSolution
		HideSolutionNode = FALSE
	EndGlobalSection
	GlobalSection(NestedProjects) = preSolution
		{8BC6C333-5903-406C-B30D-8AD72500E0BC} = {49DDBC38-AC6A-478A-BCF5-97E4D3D16DD5}
		{8AECDD2B-15B2-4522-BDEC-77BE04B34BD6} = {8BC6C333-5903-406C-B30D-8AD72500E0BC}
		{58A8AE8B-40BA-4417-B72C-D89BE7186EEE} = {C1D69A90-391A-4B2D-9AD6-43BC258E2CF9}
	EndGlobalSection
	GlobalSection(ExtensibilityGlobals) = postSolution
		SolutionGuid = {D3759D55-D3F1-4BAF-9C94-EAC5D8317421}
	EndGlobalSection
EndGlobal
